
Microsoft Visual Studio Solution File, Format Version 12.00
# Visual Studio Version 17
VisualStudioVersion = 17.6.33815.320
MinimumVisualStudioVersion = 10.0.40219.1
Project("{FAE04EC0-301F-11D3-BF4B-00C04F79EFBC}") = "FIrstDiscordBotC#", "FIrstDiscordBotC#.csproj", "{FFB05A65-1DCF-4848-830C-8DD44A617E22}"
EndProject
Global
	GlobalSection(SolutionConfigurationPlatforms) = preSolution
		Debug|Any CPU = Debug|Any CPU
		Release|Any CPU = Release|Any CPU
	EndGlobalSection
	GlobalSection(ProjectConfigurationPlatforms) = postSolution
		{FFB05A65-1DCF-4848-830C-8DD44A617E22}.Debug|Any CPU.ActiveCfg = Debug|Any CPU
		{FFB05A65-1DCF-4848-830C-8DD44A617E22}.Debug|Any CPU.Build.0 = Debug|Any CPU
		{FFB05A65-1DCF-4848-830C-8DD44A617E22}.Release|Any CPU.ActiveCfg = Release|Any CPU
		{FFB05A65-1DCF-4848-830C-8DD44A617E22}.Release|Any CPU.Build.0 = Release|Any CPU
	EndGlobalSection
	GlobalSection(SolutionProperties) = preSolution
		HideSolutionNode = FALSE
	EndGlobalSection
	GlobalSection(ExtensibilityGlobals) = postSolution
		SolutionGuid = {6F2FF75F-7F29-4950-98AE-C3892B1A2C14}
	EndGlobalSection
EndGlobal
